
Microsoft Visual Studio Solution File, Format Version 12.00
# Visual Studio Version 16
VisualStudioVersion = 16.0.31702.278
MinimumVisualStudioVersion = 10.0.40219.1
Project("{FAE04EC0-301F-11D3-BF4B-00C04F79EFBC}") = "Entidades", "Entidades\Entidades.csproj", "{A3A6BB0B-3309-4930-B2E1-DFF3BBB4EEF6}"
EndProject
Project("{FAE04EC0-301F-11D3-BF4B-00C04F79EFBC}") = "Dal", "Dal\Dal.csproj", "{C8054C0A-7D65-4B7E-A545-777CF1D8D943}"
EndProject
Project("{FAE04EC0-301F-11D3-BF4B-00C04F79EFBC}") = "DalTest", "DalTest\DalTest.csproj", "{A33AC5C0-E2FD-48BE-A896-F77BC5842615}"
EndProject
Global
	GlobalSection(SolutionConfigurationPlatforms) = preSolution
		Debug|Any CPU = Debug|Any CPU
		Release|Any CPU = Release|Any CPU
	EndGlobalSection
	GlobalSection(ProjectConfigurationPlatforms) = postSolution
		{A3A6BB0B-3309-4930-B2E1-DFF3BBB4EEF6}.Debug|Any CPU.ActiveCfg = Debug|Any CPU
		{A3A6BB0B-3309-4930-B2E1-DFF3BBB4EEF6}.Debug|Any CPU.Build.0 = Debug|Any CPU
		{A3A6BB0B-3309-4930-B2E1-DFF3BBB4EEF6}.Release|Any CPU.ActiveCfg = Release|Any CPU
		{A3A6BB0B-3309-4930-B2E1-DFF3BBB4EEF6}.Release|Any CPU.Build.0 = Release|Any CPU
		{C8054C0A-7D65-4B7E-A545-777CF1D8D943}.Debug|Any CPU.ActiveCfg = Debug|Any CPU
		{C8054C0A-7D65-4B7E-A545-777CF1D8D943}.Debug|Any CPU.Build.0 = Debug|Any CPU
		{C8054C0A-7D65-4B7E-A545-777CF1D8D943}.Release|Any CPU.ActiveCfg = Release|Any CPU
		{C8054C0A-7D65-4B7E-A545-777CF1D8D943}.Release|Any CPU.Build.0 = Release|Any CPU
		{A33AC5C0-E2FD-48BE-A896-F77BC5842615}.Debug|Any CPU.ActiveCfg = Debug|Any CPU
		{A33AC5C0-E2FD-48BE-A896-F77BC5842615}.Debug|Any CPU.Build.0 = Debug|Any CPU
		{A33AC5C0-E2FD-48BE-A896-F77BC5842615}.Release|Any CPU.ActiveCfg = Release|Any CPU
		{A33AC5C0-E2FD-48BE-A896-F77BC5842615}.Release|Any CPU.Build.0 = Release|Any CPU
	EndGlobalSection
	GlobalSection(SolutionProperties) = preSolution
		HideSolutionNode = FALSE
	EndGlobalSection
	GlobalSection(ExtensibilityGlobals) = postSolution
		SolutionGuid = {865BF258-ADB2-4BA5-8E29-3C9A1A843F00}
	EndGlobalSection
EndGlobal
